// !$*UTF8*$!
{
	archiveVersion = 1;
	classes = {
	};
	objectVersion = 56;
	objects = {

/* Begin PBXBuildFile section */
		4214DF9A2B0670340025BAF5 /* MainView.swift in Sources */ = {isa = PBXBuildFile; fileRef = 4214DF992B0670340025BAF5 /* MainView.swift */; };
		4221DD472B0BB9EA00F6E0EB /* Trip.swift in Sources */ = {isa = PBXBuildFile; fileRef = 4221DD462B0BB9EA00F6E0EB /* Trip.swift */; };
		4221DD492B0BBB3200F6E0EB /* viewModel.swift in Sources */ = {isa = PBXBuildFile; fileRef = 4221DD482B0BBB3200F6E0EB /* viewModel.swift */; };
		42342D6C2B03D61500505061 /* additemtolist.swift in Sources */ = {isa = PBXBuildFile; fileRef = 42342D6B2B03D61500505061 /* additemtolist.swift */; };
		42496EAA2AFE54DE00B299BC /* tripsyncApp.swift in Sources */ = {isa = PBXBuildFile; fileRef = 42496EA92AFE54DE00B299BC /* tripsyncApp.swift */; };
		42496EAC2AFE54DE00B299BC /* ContentView.swift in Sources */ = {isa = PBXBuildFile; fileRef = 42496EAB2AFE54DE00B299BC /* ContentView.swift */; };
		42496EAE2AFE54DF00B299BC /* Assets.xcassets in Resources */ = {isa = PBXBuildFile; fileRef = 42496EAD2AFE54DF00B299BC /* Assets.xcassets */; };
		42496EB12AFE54DF00B299BC /* Preview Assets.xcassets in Resources */ = {isa = PBXBuildFile; fileRef = 42496EB02AFE54DF00B299BC /* Preview Assets.xcassets */; };
		42496EB82AFE55BC00B299BC /* NewProjectView.swift in Sources */ = {isa = PBXBuildFile; fileRef = 42496EB72AFE55BC00B299BC /* NewProjectView.swift */; };
/* End PBXBuildFile section */

/* Begin PBXFileReference section */
		4214DF992B0670340025BAF5 /* MainView.swift */ = {isa = PBXFileReference; lastKnownFileType = sourcecode.swift; path = MainView.swift; sourceTree = "<group>"; };
		4221DD462B0BB9EA00F6E0EB /* Trip.swift */ = {isa = PBXFileReference; lastKnownFileType = sourcecode.swift; path = Trip.swift; sourceTree = "<group>"; };
		4221DD482B0BBB3200F6E0EB /* viewModel.swift */ = {isa = PBXFileReference; lastKnownFileType = sourcecode.swift; path = viewModel.swift; sourceTree = "<group>"; };
		42342D6B2B03D61500505061 /* additemtolist.swift */ = {isa = PBXFileReference; lastKnownFileType = sourcecode.swift; path = additemtolist.swift; sourceTree = "<group>"; };
		42496EA62AFE54DE00B299BC /* tripsync.app */ = {isa = PBXFileReference; explicitFileType = wrapper.application; includeInIndex = 0; path = tripsync.app; sourceTree = BUILT_PRODUCTS_DIR; };
		42496EA92AFE54DE00B299BC /* tripsyncApp.swift */ = {isa = PBXFileReference; lastKnownFileType = sourcecode.swift; path = tripsyncApp.swift; sourceTree = "<group>"; };
		42496EAB2AFE54DE00B299BC /* ContentView.swift */ = {isa = PBXFileReference; lastKnownFileType = sourcecode.swift; path = ContentView.swift; sourceTree = "<group>"; };
		42496EAD2AFE54DF00B299BC /* Assets.xcassets */ = {isa = PBXFileReference; lastKnownFileType = folder.assetcatalog; path = Assets.xcassets; sourceTree = "<group>"; };
		42496EB02AFE54DF00B299BC /* Preview Assets.xcassets */ = {isa = PBXFileReference; lastKnownFileType = folder.assetcatalog; path = "Preview Assets.xcassets"; sourceTree = "<group>"; };
		42496EB72AFE55BC00B299BC /* NewProjectView.swift */ = {isa = PBXFileReference; lastKnownFileType = sourcecode.swift; path = NewProjectView.swift; sourceTree = "<group>"; };
/* End PBXFileReference section */

/* Begin PBXFrameworksBuildPhase section */
		42496EA32AFE54DE00B299BC /* Frameworks */ = {
			isa = PBXFrameworksBuildPhase;
			buildActionMask = 2147483647;
			files = (
			);
			runOnlyForDeploymentPostprocessing = 0;
		};
/* End PBXFrameworksBuildPhase section */

/* Begin PBXGroup section */
		42496E9D2AFE54DE00B299BC = {
			isa = PBXGroup;
			children = (
				42342D6B2B03D61500505061 /* additemtolist.swift */,
				42496EA82AFE54DE00B299BC /* tripsync */,
				42496EA72AFE54DE00B299BC /* Products */,
			);
			sourceTree = "<group>";
		};
		42496EA72AFE54DE00B299BC /* Products */ = {
			isa = PBXGroup;
			children = (
				42496EA62AFE54DE00B299BC /* tripsync.app */,
			);
			name = Products;
			sourceTree = "<group>";
		};
		42496EA82AFE54DE00B299BC /* tripsync */ = {
			isa = PBXGroup;
			children = (
				42496EA92AFE54DE00B299BC /* tripsyncApp.swift */,
				42496EAB2AFE54DE00B299BC /* ContentView.swift */,
				4221DD462B0BB9EA00F6E0EB /* Trip.swift */,
				4221DD482B0BBB3200F6E0EB /* viewModel.swift */,
				4214DF992B0670340025BAF5 /* MainView.swift */,
				42496EB72AFE55BC00B299BC /* NewProjectView.swift */,
				42496EAD2AFE54DF00B299BC /* Assets.xcassets */,
				42496EAF2AFE54DF00B299BC /* Preview Content */,
			);
			path = tripsync;
			sourceTree = "<group>";
		};
		42496EAF2AFE54DF00B299BC /* Preview Content */ = {
			isa = PBXGroup;
			children = (
				42496EB02AFE54DF00B299BC /* Preview Assets.xcassets */,
			);
			path = "Preview Content";
			sourceTree = "<group>";
		};
/* End PBXGroup section */

/* Begin PBXNativeTarget section */
		42496EA52AFE54DE00B299BC /* tripsync */ = {
			isa = PBXNativeTarget;
			buildConfigurationList = 42496EB42AFE54DF00B299BC /* Build configuration list for PBXNativeTarget "tripsync" */;
			buildPhases = (
				42496EA22AFE54DE00B299BC /* Sources */,
				42496EA32AFE54DE00B299BC /* Frameworks */,
				42496EA42AFE54DE00B299BC /* Resources */,
			);
			buildRules = (
			);
			dependencies = (
			);
			name = tripsync;
			productName = tripsync;
			productReference = 42496EA62AFE54DE00B299BC /* tripsync.app */;
			productType = "com.apple.product-type.application";
		};
/* End PBXNativeTarget section */

/* Begin PBXProject section */
		42496E9E2AFE54DE00B299BC /* Project object */ = {
			isa = PBXProject;
			attributes = {
				BuildIndependentTargetsInParallel = 1;
				LastSwiftUpdateCheck = 1500;
				LastUpgradeCheck = 1500;
				TargetAttributes = {
					42496EA52AFE54DE00B299BC = {
						CreatedOnToolsVersion = 15.0.1;
					};
				};
			};
			buildConfigurationList = 42496EA12AFE54DE00B299BC /* Build configuration list for PBXProject "tripsync" */;
			compatibilityVersion = "Xcode 14.0";
			developmentRegion = en;
			hasScannedForEncodings = 0;
			knownRegions = (
				en,
				Base,
			);
			mainGroup = 42496E9D2AFE54DE00B299BC;
			productRefGroup = 42496EA72AFE54DE00B299BC /* Products */;
			projectDirPath = "";
			projectRoot = "";
			targets = (
				42496EA52AFE54DE00B299BC /* tripsync */,
			);
		};
/* End PBXProject section */

/* Begin PBXResourcesBuildPhase section */
		42496EA42AFE54DE00B299BC /* Resources */ = {
			isa = PBXResourcesBuildPhase;
			buildActionMask = 2147483647;
			files = (
				42496EB12AFE54DF00B299BC /* Preview Assets.xcassets in Resources */,
				42496EAE2AFE54DF00B299BC /* Assets.xcassets in Resources */,
			);
			runOnlyForDeploymentPostprocessing = 0;
		};
/* End PBXResourcesBuildPhase section */

/* Begin PBXSourcesBuildPhase section */
		42496EA22AFE54DE00B299BC /* Sources */ = {
			isa = PBXSourcesBuildPhase;
			buildActionMask = 2147483647;
			files = (
				42496EB82AFE55BC00B299BC /* NewProjectView.swift in Sources */,
				4221DD472B0BB9EA00F6E0EB /* Trip.swift in Sources */,
				42342D6C2B03D61500505061 /* additemtolist.swift in Sources */,
				42496EAC2AFE54DE00B299BC /* ContentView.swift in Sources */,
				4214DF9A2B0670340025BAF5 /* MainView.swift in Sources */,
				4221DD492B0BBB3200F6E0EB /* viewModel.swift in Sources */,
				42496EAA2AFE54DE00B299BC /* tripsyncApp.swift in Sources */,
			);
			runOnlyForDeploymentPostprocessing = 0;
		};
/* End PBXSourcesBuildPhase section */

/* Begin XCBuildConfiguration section */
		42496EB22AFE54DF00B299BC /* Debug */ = {
			isa = XCBuildConfiguration;
			buildSettings = {
				ALWAYS_SEARCH_USER_PATHS = NO;
				ASSETCATALOG_COMPILER_GENERATE_SWIFT_ASSET_SYMBOL_EXTENSIONS = YES;
				CLANG_ANALYZER_NONNULL = YES;
				CLANG_ANALYZER_NUMBER_OBJECT_CONVERSION = YES_AGGRESSIVE;
				CLANG_CXX_LANGUAGE_STANDARD = "gnu++20";
				CLANG_ENABLE_MODULES = YES;
				CLANG_ENABLE_OBJC_ARC = YES;
				CLANG_ENABLE_OBJC_WEAK = YES;
				CLANG_WARN_BLOCK_CAPTURE_AUTORELEASING = YES;
				CLANG_WARN_BOOL_CONVERSION = YES;
				CLANG_WARN_COMMA = YES;
				CLANG_WARN_CONSTANT_CONVERSION = YES;
				CLANG_WARN_DEPRECATED_OBJC_IMPLEMENTATIONS = YES;
				CLANG_WARN_DIRECT_OBJC_ISA_USAGE = YES_ERROR;
				CLANG_WARN_DOCUMENTATION_COMMENTS = YES;
				CLANG_WARN_EMPTY_BODY = YES;
				CLANG_WARN_ENUM_CONVERSION = YES;
				CLANG_WARN_INFINITE_RECURSION = YES;
				CLANG_WARN_INT_CONVERSION = YES;
				CLANG_WARN_NON_LITERAL_NULL_CONVERSION = YES;
				CLANG_WARN_OBJC_IMPLICIT_RETAIN_SELF = YES;
				CLANG_WARN_OBJC_LITERAL_CONVERSION = YES;
				CLANG_WARN_OBJC_ROOT_CLASS = YES_ERROR;
				CLANG_WARN_QUOTED_INCLUDE_IN_FRAMEWORK_HEADER = YES;
				CLANG_WARN_RANGE_LOOP_ANALYSIS = YES;
				CLANG_WARN_STRICT_PROTOTYPES = YES;
				CLANG_WARN_SUSPICIOUS_MOVE = YES;
				CLANG_WARN_UNGUARDED_AVAILABILITY = YES_AGGRESSIVE;
				CLANG_WARN_UNREACHABLE_CODE = YES;
				CLANG_WARN__DUPLICATE_METHOD_MATCH = YES;
				COPY_PHASE_STRIP = NO;
				DEBUG_INFORMATION_FORMAT = dwarf;
				ENABLE_STRICT_OBJC_MSGSEND = YES;
				ENABLE_TESTABILITY = YES;
				ENABLE_USER_SCRIPT_SANDBOXING = YES;
				GCC_C_LANGUAGE_STANDARD = gnu17;
				GCC_DYNAMIC_NO_PIC = NO;
				GCC_NO_COMMON_BLOCKS = YES;
				GCC_OPTIMIZATION_LEVEL = 0;
				GCC_PREPROCESSOR_DEFINITIONS = (
					"DEBUG=1",
					"$(inherited)",
				);
				GCC_WARN_64_TO_32_BIT_CONVERSION = YES;
				GCC_WARN_ABOUT_RETURN_TYPE = YES_ERROR;
				GCC_WARN_UNDECLARED_SELECTOR = YES;
				GCC_WARN_UNINITIALIZED_AUTOS = YES_AGGRESSIVE;
				GCC_WARN_UNUSED_FUNCTION = YES;
				GCC_WARN_UNUSED_VARIABLE = YES;
				IPHONEOS_DEPLOYMENT_TARGET = 17.0;
				LOCALIZATION_PREFERS_STRING_CATALOGS = YES;
				MTL_ENABLE_DEBUG_INFO = INCLUDE_SOURCE;
				MTL_FAST_MATH = YES;
				ONLY_ACTIVE_ARCH = YES;
				SDKROOT = iphoneos;
				SWIFT_ACTIVE_COMPILATION_CONDITIONS = "DEBUG $(inherited)";
				SWIFT_OPTIMIZATION_LEVEL = "-Onone";
			};
			name = Debug;
		};
		42496EB32AFE54DF00B299BC /* Release */ = {
			isa = XCBuildConfiguration;
			buildSettings = {
				ALWAYS_SEARCH_USER_PATHS = NO;
				ASSETCATALOG_COMPILER_GENERATE_SWIFT_ASSET_SYMBOL_EXTENSIONS = YES;
				CLANG_ANALYZER_NONNULL = YES;
				CLANG_ANALYZER_NUMBER_OBJECT_CONVERSION = YES_AGGRESSIVE;
				CLANG_CXX_LANGUAGE_STANDARD = "gnu++20";
				CLANG_ENABLE_MODULES = YES;
				CLANG_ENABLE_OBJC_ARC = YES;
				CLANG_ENABLE_OBJC_WEAK = YES;
				CLANG_WARN_BLOCK_CAPTURE_AUTORELEASING = YES;
				CLANG_WARN_BOOL_CONVERSION = YES;
				CLANG_WARN_COMMA = YES;
				CLANG_WARN_CONSTANT_CONVERSION = YES;
				CLANG_WARN_DEPRECATED_OBJC_IMPLEMENTATIONS = YES;
				CLANG_WARN_DIRECT_OBJC_ISA_USAGE = YES_ERROR;
				CLANG_WARN_DOCUMENTATION_COMMENTS = YES;
				CLANG_WARN_EMPTY_BODY = YES;
				CLANG_WARN_ENUM_CONVERSION = YES;
				CLANG_WARN_INFINITE_RECURSION = YES;
				CLANG_WARN_INT_CONVERSION = YES;
				CLANG_WARN_NON_LITERAL_NULL_CONVERSION = YES;
				CLANG_WARN_OBJC_IMPLICIT_RETAIN_SELF = YES;
				CLANG_WARN_OBJC_LITERAL_CONVERSION = YES;
				CLANG_WARN_OBJC_ROOT_CLASS = YES_ERROR;
				CLANG_WARN_QUOTED_INCLUDE_IN_FRAMEWORK_HEADER = YES;
				CLANG_WARN_RANGE_LOOP_ANALYSIS = YES;
				CLANG_WARN_STRICT_PROTOTYPES = YES;
				CLANG_WARN_SUSPICIOUS_MOVE = YES;
				CLANG_WARN_UNGUARDED_AVAILABILITY = YES_AGGRESSIVE;
				CLANG_WARN_UNREACHABLE_CODE = YES;
				CLANG_WARN__DUPLICATE_METHOD_MATCH = YES;
				COPY_PHASE_STRIP = NO;
				DEBUG_INFORMATION_FORMAT = "dwarf-with-dsym";
				ENABLE_NS_ASSERTIONS = NO;
				ENABLE_STRICT_OBJC_MSGSEND = YES;
				ENABLE_USER_SCRIPT_SANDBOXING = YES;
				GCC_C_LANGUAGE_STANDARD = gnu17;
				GCC_NO_COMMON_BLOCKS = YES;
				GCC_WARN_64_TO_32_BIT_CONVERSION = YES;
				GCC_WARN_ABOUT_RETURN_TYPE = YES_ERROR;
				GCC_WARN_UNDECLARED_SELECTOR = YES;
				GCC_WARN_UNINITIALIZED_AUTOS = YES_AGGRESSIVE;
				GCC_WARN_UNUSED_FUNCTION = YES;
				GCC_WARN_UNUSED_VARIABLE = YES;
				IPHONEOS_DEPLOYMENT_TARGET = 17.0;
				LOCALIZATION_PREFERS_STRING_CATALOGS = YES;
				MTL_ENABLE_DEBUG_INFO = NO;
				MTL_FAST_MATH = YES;
				SDKROOT = iphoneos;
				SWIFT_COMPILATION_MODE = wholemodule;
				VALIDATE_PRODUCT = YES;
			};
			name = Release;
		};
		42496EB52AFE54DF00B299BC /* Debug */ = {
			isa = XCBuildConfiguration;
			buildSettings = {
				ASSETCATALOG_COMPILER_APPICON_NAME = AppIcon;
				ASSETCATALOG_COMPILER_GLOBAL_ACCENT_COLOR_NAME = AccentColor;
				CODE_SIGN_STYLE = Automatic;
				CURRENT_PROJECT_VERSION = 1;
				DEVELOPMENT_ASSET_PATHS = "\"tripsync/Preview Content\"";
				DEVELOPMENT_TEAM = DK5TS324VG;
				ENABLE_PREVIEWS = YES;
				GENERATE_INFOPLIST_FILE = YES;
				INFOPLIST_KEY_UIApplicationSceneManifest_Generation = YES;
				INFOPLIST_KEY_UIApplicationSupportsIndirectInputEvents = YES;
				INFOPLIST_KEY_UILaunchScreen_Generation = YES;
				INFOPLIST_KEY_UISupportedInterfaceOrientations_iPad = "UIInterfaceOrientationPortrait UIInterfaceOrientationPortraitUpsideDown UIInterfaceOrientationLandscapeLeft UIInterfaceOrientationLandscapeRight";
				INFOPLIST_KEY_UISupportedInterfaceOrientations_iPhone = "UIInterfaceOrientationPortrait UIInterfaceOrientationLandscapeLeft UIInterfaceOrientationLandscapeRight";
				LD_RUNPATH_SEARCH_PATHS = (
					"$(inherited)",
					"@executable_path/Frameworks",
				);
				MARKETING_VERSION = 1.0;
				PRODUCT_BUNDLE_IDENTIFIER = com.biancasilvestro.tripsync;
				PRODUCT_NAME = "$(TARGET_NAME)";
				SWIFT_EMIT_LOC_STRINGS = YES;
				SWIFT_VERSION = 5.0;
				TARGETED_DEVICE_FAMILY = "1,2";
			};
			name = Debug;
		};
		42496EB62AFE54DF00B299BC /* Release */ = {
			isa = XCBuildConfiguration;
			buildSettings = {
				ASSETCATALOG_COMPILER_APPICON_NAME = AppIcon;
				ASSETCATALOG_COMPILER_GLOBAL_ACCENT_COLOR_NAME = AccentColor;
				CODE_SIGN_STYLE = Automatic;
				CURRENT_PROJECT_VERSION = 1;
				DEVELOPMENT_ASSET_PATHS = "\"tripsync/Preview Content\"";
				DEVELOPMENT_TEAM = DK5TS324VG;
				ENABLE_PREVIEWS = YES;
				GENERATE_INFOPLIST_FILE = YES;
				INFOPLIST_KEY_UIApplicationSceneManifest_Generation = YES;
				INFOPLIST_KEY_UIApplicationSupportsIndirectInputEvents = YES;
				INFOPLIST_KEY_UILaunchScreen_Generation = YES;
				INFOPLIST_KEY_UISupportedInterfaceOrientations_iPad = "UIInterfaceOrientationPortrait UIInterfaceOrientationPortraitUpsideDown UIInterfaceOrientationLandscapeLeft UIInterfaceOrientationLandscapeRight";
				INFOPLIST_KEY_UISupportedInterfaceOrientations_iPhone = "UIInterfaceOrientationPortrait UIInterfaceOrientationLandscapeLeft UIInterfaceOrientationLandscapeRight";
				LD_RUNPATH_SEARCH_PATHS = (
					"$(inherited)",
					"@executable_path/Frameworks",
				);
				MARKETING_VERSION = 1.0;
				PRODUCT_BUNDLE_IDENTIFIER = com.biancasilvestro.tripsync;
				PRODUCT_NAME = "$(TARGET_NAME)";
				SWIFT_EMIT_LOC_STRINGS = YES;
				SWIFT_VERSION = 5.0;
				TARGETED_DEVICE_FAMILY = "1,2";
			};
			name = Release;
		};
/* End XCBuildConfiguration section */

/* Begin XCConfigurationList section */
		42496EA12AFE54DE00B299BC /* Build configuration list for PBXProject "tripsync" */ = {
			isa = XCConfigurationList;
			buildConfigurations = (
				42496EB22AFE54DF00B299BC /* Debug */,
				42496EB32AFE54DF00B299BC /* Release */,
			);
			defaultConfigurationIsVisible = 0;
			defaultConfigurationName = Release;
		};
		42496EB42AFE54DF00B299BC /* Build configuration list for PBXNativeTarget "tripsync" */ = {
			isa = XCConfigurationList;
			buildConfigurations = (
				42496EB52AFE54DF00B299BC /* Debug */,
				42496EB62AFE54DF00B299BC /* Release */,
			);
			defaultConfigurationIsVisible = 0;
			defaultConfigurationName = Release;
		};
/* End XCConfigurationList section */
	};
	rootObject = 42496E9E2AFE54DE00B299BC /* Project object */;
}
